# This file is machine-generated by `gh actions-lock`.
# Do not edit by hand; run `gh actions-lock` to update.
# Docs: https://gh.io/actions-lockfile
version: 'v0.0.2'
workflows:
    '.github/workflows/boj-build.yml':
        - 'actions/checkout@d23441a48e516b6c34aea4fa41551a30e30af803'
    '.github/workflows/casket-pages.yml':
        - 'actions/cache@668228422ae6a00e4ad889ee87cd7109ec5666a7'
        - 'actions/checkout@de0fac2e4500dabe0009e67214ff5f5447ce83dd'
        - 'actions/configure-pages@45bfe0192ca1faeb007ade9deae92b16b8254a0d'
        - 'actions/deploy-pages@cd2ce8fcbc39b97be8ca5fce6e763baed58fa128'
        - 'actions/upload-pages-artifact@7b1f4a764d45c48632c6b24a0339c27f5614fb0b'
        - 'haskell-actions/setup@f9150cb1d140e9a9271700670baa38991e6fa25c'
    '.github/workflows/codeql.yml':
        - 'actions/checkout@de0fac2e4500dabe0009e67214ff5f5447ce83dd'
        - 'github/codeql-action@c6f931105cb2c34c8f901cc885ba1e2e259cf745'
    '.github/workflows/dogfood-gate.yml':
        - 'actions/checkout@34e114876b0b11c390a56381ad16ebd13914f8d5'
    '.github/workflows/instant-sync.yml':
        - 'peter-evans/repository-dispatch@28959ce8df70de7be546dd1250a005dd32156697'
    '.github/workflows/push-email-notify.yml':
        - 'hyperpolymath/smtp-notify-action@ede1191ef6ff3ac02c4f4d9efdf837ee517e11d7'
dependencies:
    'actions/cache@668228422ae6a00e4ad889ee87cd7109ec5666a7':
        ref: 'v5.0.4'
        commit: 'sha1-668228422ae6a00e4ad889ee87cd7109ec5666a7'
        owner_id: 44036562
        repo_id: 215566462
    'actions/checkout@34e114876b0b11c390a56381ad16ebd13914f8d5':
        ref: 'v4.3.1'
        commit: 'sha1-34e114876b0b11c390a56381ad16ebd13914f8d5'
        owner_id: 44036562
        repo_id: 197814629
    'actions/checkout@d23441a48e516b6c34aea4fa41551a30e30af803':
        ref: 'v6.1.0'
        commit: 'sha1-d23441a48e516b6c34aea4fa41551a30e30af803'
        owner_id: 44036562
        repo_id: 197814629
    'actions/checkout@de0fac2e4500dabe0009e67214ff5f5447ce83dd':
        ref: 'v6.0.2'
        commit: 'sha1-de0fac2e4500dabe0009e67214ff5f5447ce83dd'
        owner_id: 44036562
        repo_id: 197814629
    'actions/configure-pages@45bfe0192ca1faeb007ade9deae92b16b8254a0d':
        ref: 'v6.0.0'
        commit: 'sha1-45bfe0192ca1faeb007ade9deae92b16b8254a0d'
        owner_id: 44036562
        repo_id: 513659658
    'actions/deploy-pages@cd2ce8fcbc39b97be8ca5fce6e763baed58fa128':
        ref: 'v5.0.0'
        commit: 'sha1-cd2ce8fcbc39b97be8ca5fce6e763baed58fa128'
        owner_id: 44036562
        repo_id: 438112499
    'actions/upload-artifact@ea165f8d65b6e75b540449e92b4886f43607fa02':
        ref: 'v4.6.2'
        commit: 'sha1-ea165f8d65b6e75b540449e92b4886f43607fa02'
        owner_id: 44036562
        repo_id: 192625955
    'actions/upload-pages-artifact@7b1f4a764d45c48632c6b24a0339c27f5614fb0b':
        ref: 'v4.0.0'
        commit: 'sha1-7b1f4a764d45c48632c6b24a0339c27f5614fb0b'
        owner_id: 44036562
        repo_id: 496012378
        uses:
            - 'actions/upload-artifact@ea165f8d65b6e75b540449e92b4886f43607fa02'
    'github/codeql-action@c6f931105cb2c34c8f901cc885ba1e2e259cf745':
        ref: 'v4.34.0'
        commit: 'sha1-c6f931105cb2c34c8f901cc885ba1e2e259cf745'
        owner_id: 9919
        repo_id: 259445878
    'haskell-actions/setup@f9150cb1d140e9a9271700670baa38991e6fa25c':
        ref: 'v2.10.3'
        commit: 'sha1-f9150cb1d140e9a9271700670baa38991e6fa25c'
        owner_id: 75048950
        repo_id: 623796603
    'hyperpolymath/smtp-notify-action@ede1191ef6ff3ac02c4f4d9efdf837ee517e11d7':
        ref: 'v0.2.0'
        commit: 'sha1-ede1191ef6ff3ac02c4f4d9efdf837ee517e11d7'
        owner_id: 6759885
        repo_id: 1352485172
    'peter-evans/repository-dispatch@28959ce8df70de7be546dd1250a005dd32156697':
        ref: 'v4.0.1'
        commit: 'sha1-28959ce8df70de7be546dd1250a005dd32156697'
        owner_id: 18365890
        repo_id: 220359305
